
Microsoft Visual Studio Solution File, Format Version 12.00
# Visual Studio 15
VisualStudioVersion = 15.0.27004.2002
MinimumVisualStudioVersion = 10.0.40219.1
Project("{FAE04EC0-301F-11D3-BF4B-00C04F79EFBC}") = "MatrixSquare", "MatrixSquare\MatrixSquare.csproj", "{49147627-F7D7-4E89-92F7-5172D0960E67}"
EndProject
Project("{FAE04EC0-301F-11D3-BF4B-00C04F79EFBC}") = "MatrixSquare.Test", "MatrixSquare.Test\MatrixSquare.Test.csproj", "{D1B3DD49-3924-4906-BA6A-A1C1E97F70EE}"
EndProject
Global
	GlobalSection(SolutionConfigurationPlatforms) = preSolution
		Debug|Any CPU = Debug|Any CPU
		Release|Any CPU = Release|Any CPU
	EndGlobalSection
	GlobalSection(ProjectConfigurationPlatforms) = postSolution
		{49147627-F7D7-4E89-92F7-5172D0960E67}.Debug|Any CPU.ActiveCfg = Debug|Any CPU
		{49147627-F7D7-4E89-92F7-5172D0960E67}.Debug|Any CPU.Build.0 = Debug|Any CPU
		{49147627-F7D7-4E89-92F7-5172D0960E67}.Release|Any CPU.ActiveCfg = Release|Any CPU
		{49147627-F7D7-4E89-92F7-5172D0960E67}.Release|Any CPU.Build.0 = Release|Any CPU
		{D1B3DD49-3924-4906-BA6A-A1C1E97F70EE}.Debug|Any CPU.ActiveCfg = Debug|Any CPU
		{D1B3DD49-3924-4906-BA6A-A1C1E97F70EE}.Debug|Any CPU.Build.0 = Debug|Any CPU
		{D1B3DD49-3924-4906-BA6A-A1C1E97F70EE}.Release|Any CPU.ActiveCfg = Release|Any CPU
		{D1B3DD49-3924-4906-BA6A-A1C1E97F70EE}.Release|Any CPU.Build.0 = Release|Any CPU
	EndGlobalSection
	GlobalSection(SolutionProperties) = preSolution
		HideSolutionNode = FALSE
	EndGlobalSection
	GlobalSection(ExtensibilityGlobals) = postSolution
		SolutionGuid = {7235C785-7E58-4E6F-8875-59D08A561625}
	EndGlobalSection
EndGlobal
